<Solution>
  <Project Path="ApiGateway/ApiGateway.csproj" Id="bade039c-6093-4a38-ac46-d9eb3356f7ba" />
  <Project Path="BusinessLogicLayer/BusinessLogicLayer.csproj" />
  <Project Path="DataAccessLayer/DataAccessLayer.csproj" />
  <Project Path="docker-compose.dcproj">
    <Build />
  </Project>
  <Project Path="OrdersMicroservice.APi/OrdersMicroservice.APi.csproj" />
</Solution>
